proj_file_hash = "f8e94467976ab07dfab8da9f817d5dd8"

[[dependencies]]
name = "random"
version = "1.0.0"
path = ".fixlang/deps/random_1.0.0"

[dependencies.git]
repo = "https://github.com/tttmmmyyyy/fixlang-random.git"
rev = "b802af50726199a6dc815bef1cc64075cd4cbd2d"

[[dependencies]]
name = "minilib-common"
version = "0.3.0"
path = ".fixlang/deps/minilib-common_0.3.0"

[dependencies.git]
repo = "https://github.com/pt9999/fixlang-minilib-common.git"
rev = "e9ab46a77d52cc5f6177c6dbe0fed8ebfa5ac73d"

[[dependencies]]
name = "character"
version = "1.0.0"
path = ".fixlang/deps/character_1.0.0"

[dependencies.git]
repo = "https://github.com/tttmmmyyyy/fixlang-character.git"
rev = "13e128d2b87a729c4e73d986994a5cedcf3e8f49"

[[dependencies]]
name = "time"
version = "1.0.0"
path = ".fixlang/deps/time_1.0.0"

[dependencies.git]
repo = "https://github.com/tttmmmyyyy/fixlang-time.git"
rev = "0df92cf1c3ffc148d658c1a554c94105aef13520"

[[dependencies]]
name = "minilib-monad"
version = "0.3.2"
path = ".fixlang/deps/minilib-monad_0.3.2"

[dependencies.git]
repo = "https://github.com/pt9999/fixlang-minilib-monad.git"
rev = "8edf7df712f31bbbe19c40772542853e734b80bf"
